
Microsoft Visual Studio Solution File, Format Version 12.00
# Visual Studio 2013
VisualStudioVersion = 12.0.31101.0
MinimumVisualStudioVersion = 10.0.40219.1
Project("{FAE04EC0-301F-11D3-BF4B-00C04F79EFBC}") = "04.HelloCSharp", "04.HelloCSharp\04.HelloCSharp.csproj", "{8B8BB614-A35E-4EE8-8EA4-0C8AFE5B892F}"
EndProject
Project("{FAE04EC0-301F-11D3-BF4B-00C04F79EFBC}") = "06.PrintNumbers", "06.PrintNumbers\06.PrintNumbers.csproj", "{496846C3-538C-4D78-BE01-5888618E4711}"
EndProject
Project("{FAE04EC0-301F-11D3-BF4B-00C04F79EFBC}") = "08.SquareRoot", "08.SquareRoot\08.SquareRoot.csproj", "{AEFB9476-B817-4D89-A309-B733D359C0AE}"
EndProject
Project("{FAE04EC0-301F-11D3-BF4B-00C04F79EFBC}") = "09.PrintSequence", "09.PrintSequence\09.PrintSequence.csproj", "{8FFF5A02-E82E-4C79-A936-D0825D611A3D}"
EndProject
Project("{FAE04EC0-301F-11D3-BF4B-00C04F79EFBC}") = "15.AgeAfter10Years", "15.AgeAfter10Years\15.AgeAfter10Years.csproj", "{40AB3C7A-8DD7-4CF2-9345-A16EA06D4711}"
EndProject
Project("{FAE04EC0-301F-11D3-BF4B-00C04F79EFBC}") = "16.LongSequence", "16.LongSequence\16.LongSequence.csproj", "{0B62B983-809F-4BEE-A85F-408A6FB2A9A9}"
EndProject
Global
	GlobalSection(SolutionConfigurationPlatforms) = preSolution
		Debug|Any CPU = Debug|Any CPU
		Release|Any CPU = Release|Any CPU
	EndGlobalSection
	GlobalSection(ProjectConfigurationPlatforms) = postSolution
		{8B8BB614-A35E-4EE8-8EA4-0C8AFE5B892F}.Debug|Any CPU.ActiveCfg = Debug|Any CPU
		{8B8BB614-A35E-4EE8-8EA4-0C8AFE5B892F}.Debug|Any CPU.Build.0 = Debug|Any CPU
		{8B8BB614-A35E-4EE8-8EA4-0C8AFE5B892F}.Release|Any CPU.ActiveCfg = Release|Any CPU
		{8B8BB614-A35E-4EE8-8EA4-0C8AFE5B892F}.Release|Any CPU.Build.0 = Release|Any CPU
		{496846C3-538C-4D78-BE01-5888618E4711}.Debug|Any CPU.ActiveCfg = Debug|Any CPU
		{496846C3-538C-4D78-BE01-5888618E4711}.Debug|Any CPU.Build.0 = Debug|Any CPU
		{496846C3-538C-4D78-BE01-5888618E4711}.Release|Any CPU.ActiveCfg = Release|Any CPU
		{496846C3-538C-4D78-BE01-5888618E4711}.Release|Any CPU.Build.0 = Release|Any CPU
		{AEFB9476-B817-4D89-A309-B733D359C0AE}.Debug|Any CPU.ActiveCfg = Debug|Any CPU
		{AEFB9476-B817-4D89-A309-B733D359C0AE}.Debug|Any CPU.Build.0 = Debug|Any CPU
		{AEFB9476-B817-4D89-A309-B733D359C0AE}.Release|Any CPU.ActiveCfg = Release|Any CPU
		{AEFB9476-B817-4D89-A309-B733D359C0AE}.Release|Any CPU.Build.0 = Release|Any CPU
		{8FFF5A02-E82E-4C79-A936-D0825D611A3D}.Debug|Any CPU.ActiveCfg = Debug|Any CPU
		{8FFF5A02-E82E-4C79-A936-D0825D611A3D}.Debug|Any CPU.Build.0 = Debug|Any CPU
		{8FFF5A02-E82E-4C79-A936-D0825D611A3D}.Release|Any CPU.ActiveCfg = Release|Any CPU
		{8FFF5A02-E82E-4C79-A936-D0825D611A3D}.Release|Any CPU.Build.0 = Release|Any CPU
		{40AB3C7A-8DD7-4CF2-9345-A16EA06D4711}.Debug|Any CPU.ActiveCfg = Debug|Any CPU
		{40AB3C7A-8DD7-4CF2-9345-A16EA06D4711}.Debug|Any CPU.Build.0 = Debug|Any CPU
		{40AB3C7A-8DD7-4CF2-9345-A16EA06D4711}.Release|Any CPU.ActiveCfg = Release|Any CPU
		{40AB3C7A-8DD7-4CF2-9345-A16EA06D4711}.Release|Any CPU.Build.0 = Release|Any CPU
		{0B62B983-809F-4BEE-A85F-408A6FB2A9A9}.Debug|Any CPU.ActiveCfg = Debug|Any CPU
		{0B62B983-809F-4BEE-A85F-408A6FB2A9A9}.Debug|Any CPU.Build.0 = Debug|Any CPU
		{0B62B983-809F-4BEE-A85F-408A6FB2A9A9}.Release|Any CPU.ActiveCfg = Release|Any CPU
		{0B62B983-809F-4BEE-A85F-408A6FB2A9A9}.Release|Any CPU.Build.0 = Release|Any CPU
	EndGlobalSection
	GlobalSection(SolutionProperties) = preSolution
		HideSolutionNode = FALSE
	EndGlobalSection
EndGlobal
